
Microsoft Visual Studio Solution File, Format Version 12.00
# Visual Studio Version 17
VisualStudioVersion = 17.7.34031.279
MinimumVisualStudioVersion = 10.0.40219.1
Project("{8BC9CEB8-8B4A-11D0-8D11-00A0C91BC942}") = "Server", "Server\Server.vcxproj", "{BA742236-41E0-4301-A965-C44AEB10D404}"
EndProject
Project("{8BC9CEB8-8B4A-11D0-8D11-00A0C91BC942}") = "Client", "Client\Client.vcxproj", "{68F382E9-944F-4DF8-818C-860EF2AEFC7F}"
EndProject
Project("{8BC9CEB8-8B4A-11D0-8D11-00A0C91BC942}") = "Common", "Common\Common.vcxproj", "{B0B18F40-B9EC-407B-BD1F-FFF9A02B8F1A}"
EndProject
Project("{8BC9CEB8-8B4A-11D0-8D11-00A0C91BC942}") = "ServerLib", "..\IOCP\ServerLib\ServerLib.vcxproj", "{7C4BB324-61C1-4015-BBEC-BDD88E31C353}"
EndProject
Global
	GlobalSection(SolutionConfigurationPlatforms) = preSolution
		Debug|x64 = Debug|x64
		Debug|x86 = Debug|x86
		Release|x64 = Release|x64
		Release|x86 = Release|x86
	EndGlobalSection
	GlobalSection(ProjectConfigurationPlatforms) = postSolution
		{BA742236-41E0-4301-A965-C44AEB10D404}.Debug|x64.ActiveCfg = Debug|x64
		{BA742236-41E0-4301-A965-C44AEB10D404}.Debug|x64.Build.0 = Debug|x64
		{BA742236-41E0-4301-A965-C44AEB10D404}.Debug|x86.ActiveCfg = Debug|Win32
		{BA742236-41E0-4301-A965-C44AEB10D404}.Debug|x86.Build.0 = Debug|Win32
		{BA742236-41E0-4301-A965-C44AEB10D404}.Release|x64.ActiveCfg = Release|x64
		{BA742236-41E0-4301-A965-C44AEB10D404}.Release|x64.Build.0 = Release|x64
		{BA742236-41E0-4301-A965-C44AEB10D404}.Release|x86.ActiveCfg = Release|Win32
		{BA742236-41E0-4301-A965-C44AEB10D404}.Release|x86.Build.0 = Release|Win32
		{68F382E9-944F-4DF8-818C-860EF2AEFC7F}.Debug|x64.ActiveCfg = Debug|x64
		{68F382E9-944F-4DF8-818C-860EF2AEFC7F}.Debug|x64.Build.0 = Debug|x64
		{68F382E9-944F-4DF8-818C-860EF2AEFC7F}.Debug|x86.ActiveCfg = Debug|Win32
		{68F382E9-944F-4DF8-818C-860EF2AEFC7F}.Debug|x86.Build.0 = Debug|Win32
		{68F382E9-944F-4DF8-818C-860EF2AEFC7F}.Release|x64.ActiveCfg = Release|x64
		{68F382E9-944F-4DF8-818C-860EF2AEFC7F}.Release|x64.Build.0 = Release|x64
		{68F382E9-944F-4DF8-818C-860EF2AEFC7F}.Release|x86.ActiveCfg = Release|Win32
		{68F382E9-944F-4DF8-818C-860EF2AEFC7F}.Release|x86.Build.0 = Release|Win32
		{B0B18F40-B9EC-407B-BD1F-FFF9A02B8F1A}.Debug|x64.ActiveCfg = Debug|x64
		{B0B18F40-B9EC-407B-BD1F-FFF9A02B8F1A}.Debug|x64.Build.0 = Debug|x64
		{B0B18F40-B9EC-407B-BD1F-FFF9A02B8F1A}.Debug|x86.ActiveCfg = Debug|Win32
		{B0B18F40-B9EC-407B-BD1F-FFF9A02B8F1A}.Debug|x86.Build.0 = Debug|Win32
		{B0B18F40-B9EC-407B-BD1F-FFF9A02B8F1A}.Release|x64.ActiveCfg = Release|x64
		{B0B18F40-B9EC-407B-BD1F-FFF9A02B8F1A}.Release|x64.Build.0 = Release|x64
		{B0B18F40-B9EC-407B-BD1F-FFF9A02B8F1A}.Release|x86.ActiveCfg = Release|Win32
		{B0B18F40-B9EC-407B-BD1F-FFF9A02B8F1A}.Release|x86.Build.0 = Release|Win32
		{7C4BB324-61C1-4015-BBEC-BDD88E31C353}.Debug|x64.ActiveCfg = Debug|x64
		{7C4BB324-61C1-4015-BBEC-BDD88E31C353}.Debug|x64.Build.0 = Debug|x64
		{7C4BB324-61C1-4015-BBEC-BDD88E31C353}.Debug|x86.ActiveCfg = Debug|Win32
		{7C4BB324-61C1-4015-BBEC-BDD88E31C353}.Debug|x86.Build.0 = Debug|Win32
		{7C4BB324-61C1-4015-BBEC-BDD88E31C353}.Release|x64.ActiveCfg = Release|x64
		{7C4BB324-61C1-4015-BBEC-BDD88E31C353}.Release|x64.Build.0 = Release|x64
		{7C4BB324-61C1-4015-BBEC-BDD88E31C353}.Release|x86.ActiveCfg = Release|Win32
		{7C4BB324-61C1-4015-BBEC-BDD88E31C353}.Release|x86.Build.0 = Release|Win32
	EndGlobalSection
	GlobalSection(SolutionProperties) = preSolution
		HideSolutionNode = FALSE
	EndGlobalSection
	GlobalSection(ExtensibilityGlobals) = postSolution
		SolutionGuid = {75AF6F88-A590-4EBA-8679-4F2DCC62A540}
	EndGlobalSection
EndGlobal
